
Microsoft Visual Studio Solution File, Format Version 12.00
# Visual Studio 15
VisualStudioVersion = 15.0.28307.329
MinimumVisualStudioVersion = 10.0.40219.1
Project("{FAE04EC0-301F-11D3-BF4B-00C04F79EFBC}") = "OdeToFood", "OdeToFood\OdeToFood.csproj", "{EE635851-6C95-4E2F-9F7E-788D46A1E417}"
EndProject
Project("{FAE04EC0-301F-11D3-BF4B-00C04F79EFBC}") = "OdeToFood.Core", "OdeToFood.Core\OdeToFood.Core.csproj", "{282F80C4-4DD0-4A26-B429-A7986AA48FEB}"
EndProject
Project("{FAE04EC0-301F-11D3-BF4B-00C04F79EFBC}") = "OdeToFood.Data", "OdeToFood.Data\OdeToFood.Data.csproj", "{639B4461-DFB1-4A43-B62D-3697A7A5FAE4}"
EndProject
Global
	GlobalSection(SolutionConfigurationPlatforms) = preSolution
		Debug|Any CPU = Debug|Any CPU
		Release|Any CPU = Release|Any CPU
	EndGlobalSection
	GlobalSection(ProjectConfigurationPlatforms) = postSolution
		{EE635851-6C95-4E2F-9F7E-788D46A1E417}.Debug|Any CPU.ActiveCfg = Debug|Any CPU
		{EE635851-6C95-4E2F-9F7E-788D46A1E417}.Debug|Any CPU.Build.0 = Debug|Any CPU
		{EE635851-6C95-4E2F-9F7E-788D46A1E417}.Release|Any CPU.ActiveCfg = Release|Any CPU
		{EE635851-6C95-4E2F-9F7E-788D46A1E417}.Release|Any CPU.Build.0 = Release|Any CPU
		{282F80C4-4DD0-4A26-B429-A7986AA48FEB}.Debug|Any CPU.ActiveCfg = Debug|Any CPU
		{282F80C4-4DD0-4A26-B429-A7986AA48FEB}.Debug|Any CPU.Build.0 = Debug|Any CPU
		{282F80C4-4DD0-4A26-B429-A7986AA48FEB}.Release|Any CPU.ActiveCfg = Release|Any CPU
		{282F80C4-4DD0-4A26-B429-A7986AA48FEB}.Release|Any CPU.Build.0 = Release|Any CPU
		{639B4461-DFB1-4A43-B62D-3697A7A5FAE4}.Debug|Any CPU.ActiveCfg = Debug|Any CPU
		{639B4461-DFB1-4A43-B62D-3697A7A5FAE4}.Debug|Any CPU.Build.0 = Debug|Any CPU
		{639B4461-DFB1-4A43-B62D-3697A7A5FAE4}.Release|Any CPU.ActiveCfg = Release|Any CPU
		{639B4461-DFB1-4A43-B62D-3697A7A5FAE4}.Release|Any CPU.Build.0 = Release|Any CPU
	EndGlobalSection
	GlobalSection(SolutionProperties) = preSolution
		HideSolutionNode = FALSE
	EndGlobalSection
	GlobalSection(ExtensibilityGlobals) = postSolution
		SolutionGuid = {55A8A33B-4EA7-420A-BEDF-55461AFC9C08}
	EndGlobalSection
EndGlobal
